
Microsoft Visual Studio Solution File, Format Version 12.00
# Visual Studio 15
VisualStudioVersion = 15.0.27130.2024
MinimumVisualStudioVersion = 10.0.40219.1
Project("{FAE04EC0-301F-11D3-BF4B-00C04F79EFBC}") = "AnnetKatan.CreativeCraziness", "src\AnnetKatan.CreativeCraziness\AnnetKatan.CreativeCraziness.csproj", "{6C577A42-59F0-41F5-B92C-23CF7A037A9B}"
EndProject
Global
	GlobalSection(SolutionConfigurationPlatforms) = preSolution
		Debug|Any CPU = Debug|Any CPU
		Release|Any CPU = Release|Any CPU
	EndGlobalSection
	GlobalSection(ProjectConfigurationPlatforms) = postSolution
		{6C577A42-59F0-41F5-B92C-23CF7A037A9B}.Debug|Any CPU.ActiveCfg = Debug|Any CPU
		{6C577A42-59F0-41F5-B92C-23CF7A037A9B}.Debug|Any CPU.Build.0 = Debug|Any CPU
		{6C577A42-59F0-41F5-B92C-23CF7A037A9B}.Release|Any CPU.ActiveCfg = Release|Any CPU
		{6C577A42-59F0-41F5-B92C-23CF7A037A9B}.Release|Any CPU.Build.0 = Release|Any CPU
	EndGlobalSection
	GlobalSection(SolutionProperties) = preSolution
		HideSolutionNode = FALSE
	EndGlobalSection
	GlobalSection(ExtensibilityGlobals) = postSolution
		SolutionGuid = {404DF0CC-0295-4C50-ADD4-BCBAB0F61D06}
	EndGlobalSection
EndGlobal
